
Microsoft Visual Studio Solution File, Format Version 12.00
# Visual Studio 2013
VisualStudioVersion = 12.0.31101.0
MinimumVisualStudioVersion = 10.0.40219.1
Project("{FAE04EC0-301F-11D3-BF4B-00C04F79EFBC}") = "Test PC4U", "Test PC4U\Test PC4U.csproj", "{D7EB3666-2317-49AF-8993-4B34F1B66DDA}"
EndProject
Global
	GlobalSection(SolutionConfigurationPlatforms) = preSolution
		Debug|Any CPU = Debug|Any CPU
		Release|Any CPU = Release|Any CPU
	EndGlobalSection
	GlobalSection(ProjectConfigurationPlatforms) = postSolution
		{D7EB3666-2317-49AF-8993-4B34F1B66DDA}.Debug|Any CPU.ActiveCfg = Debug|Any CPU
		{D7EB3666-2317-49AF-8993-4B34F1B66DDA}.Debug|Any CPU.Build.0 = Debug|Any CPU
		{D7EB3666-2317-49AF-8993-4B34F1B66DDA}.Release|Any CPU.ActiveCfg = Release|Any CPU
		{D7EB3666-2317-49AF-8993-4B34F1B66DDA}.Release|Any CPU.Build.0 = Release|Any CPU
	EndGlobalSection
	GlobalSection(SolutionProperties) = preSolution
		HideSolutionNode = FALSE
	EndGlobalSection
EndGlobal
